
Microsoft Visual Studio Solution File, Format Version 12.00
# Visual Studio Version 16
VisualStudioVersion = 16.0.28922.388
MinimumVisualStudioVersion = 10.0.40219.1
Project("{FAE04EC0-301F-11D3-BF4B-00C04F79EFBC}") = "DefiningClasses", "DefiningClasses\DefiningClasses.csproj", "{B3FBBFB2-989B-43D7-BF9F-1E2BA9062D6C}"
EndProject
Global
	GlobalSection(SolutionConfigurationPlatforms) = preSolution
		Debug|Any CPU = Debug|Any CPU
		Release|Any CPU = Release|Any CPU
	EndGlobalSection
	GlobalSection(ProjectConfigurationPlatforms) = postSolution
		{B3FBBFB2-989B-43D7-BF9F-1E2BA9062D6C}.Debug|Any CPU.ActiveCfg = Debug|Any CPU
		{B3FBBFB2-989B-43D7-BF9F-1E2BA9062D6C}.Debug|Any CPU.Build.0 = Debug|Any CPU
		{B3FBBFB2-989B-43D7-BF9F-1E2BA9062D6C}.Release|Any CPU.ActiveCfg = Release|Any CPU
		{B3FBBFB2-989B-43D7-BF9F-1E2BA9062D6C}.Release|Any CPU.Build.0 = Release|Any CPU
	EndGlobalSection
	GlobalSection(SolutionProperties) = preSolution
		HideSolutionNode = FALSE
	EndGlobalSection
	GlobalSection(ExtensibilityGlobals) = postSolution
		SolutionGuid = {B79C9D90-8E94-43D4-9E6C-1F79D500F628}
	EndGlobalSection
EndGlobal
