
Microsoft Visual Studio Solution File, Format Version 12.00
# Visual Studio Version 16
VisualStudioVersion = 16.0.28922.388
MinimumVisualStudioVersion = 10.0.40219.1
Project("{FAE04EC0-301F-11D3-BF4B-00C04F79EFBC}") = "CustomStructures", "CustomStructures\CustomStructures.csproj", "{F2B20CB0-0461-4CE1-87E1-E220BE80E3C6}"
EndProject
Global
	GlobalSection(SolutionConfigurationPlatforms) = preSolution
		Debug|Any CPU = Debug|Any CPU
		Release|Any CPU = Release|Any CPU
	EndGlobalSection
	GlobalSection(ProjectConfigurationPlatforms) = postSolution
		{F2B20CB0-0461-4CE1-87E1-E220BE80E3C6}.Debug|Any CPU.ActiveCfg = Debug|Any CPU
		{F2B20CB0-0461-4CE1-87E1-E220BE80E3C6}.Debug|Any CPU.Build.0 = Debug|Any CPU
		{F2B20CB0-0461-4CE1-87E1-E220BE80E3C6}.Release|Any CPU.ActiveCfg = Release|Any CPU
		{F2B20CB0-0461-4CE1-87E1-E220BE80E3C6}.Release|Any CPU.Build.0 = Release|Any CPU
	EndGlobalSection
	GlobalSection(SolutionProperties) = preSolution
		HideSolutionNode = FALSE
	EndGlobalSection
	GlobalSection(ExtensibilityGlobals) = postSolution
		SolutionGuid = {049FD75C-4A5E-48DA-A2C9-6E248F6DF34C}
	EndGlobalSection
EndGlobal
