
Microsoft Visual Studio Solution File, Format Version 12.00
# Visual Studio Version 16
VisualStudioVersion = 16.0.28922.388
MinimumVisualStudioVersion = 10.0.40219.1
Project("{FAE04EC0-301F-11D3-BF4B-00C04F79EFBC}") = "DefiningClasses", "DefiningClasses\DefiningClasses.csproj", "{4689AF8F-F685-4AC7-8B82-9B14CE81841D}"
EndProject
Global
	GlobalSection(SolutionConfigurationPlatforms) = preSolution
		Debug|Any CPU = Debug|Any CPU
		Release|Any CPU = Release|Any CPU
	EndGlobalSection
	GlobalSection(ProjectConfigurationPlatforms) = postSolution
		{4689AF8F-F685-4AC7-8B82-9B14CE81841D}.Debug|Any CPU.ActiveCfg = Debug|Any CPU
		{4689AF8F-F685-4AC7-8B82-9B14CE81841D}.Debug|Any CPU.Build.0 = Debug|Any CPU
		{4689AF8F-F685-4AC7-8B82-9B14CE81841D}.Release|Any CPU.ActiveCfg = Release|Any CPU
		{4689AF8F-F685-4AC7-8B82-9B14CE81841D}.Release|Any CPU.Build.0 = Release|Any CPU
	EndGlobalSection
	GlobalSection(SolutionProperties) = preSolution
		HideSolutionNode = FALSE
	EndGlobalSection
	GlobalSection(ExtensibilityGlobals) = postSolution
		SolutionGuid = {932737B0-79C4-4D93-AE43-2B93731CA0A2}
	EndGlobalSection
EndGlobal
