
Microsoft Visual Studio Solution File, Format Version 12.00
# Visual Studio Version 16
VisualStudioVersion = 16.0.29009.5
MinimumVisualStudioVersion = 10.0.40219.1
Project("{FAE04EC0-301F-11D3-BF4B-00C04F79EFBC}") = "GenericExercise", "GenericExercise\GenericExercise.csproj", "{6C665A52-538F-4E69-A935-1A419582322A}"
EndProject
Global
	GlobalSection(SolutionConfigurationPlatforms) = preSolution
		Debug|Any CPU = Debug|Any CPU
		Release|Any CPU = Release|Any CPU
	EndGlobalSection
	GlobalSection(ProjectConfigurationPlatforms) = postSolution
		{6C665A52-538F-4E69-A935-1A419582322A}.Debug|Any CPU.ActiveCfg = Debug|Any CPU
		{6C665A52-538F-4E69-A935-1A419582322A}.Debug|Any CPU.Build.0 = Debug|Any CPU
		{6C665A52-538F-4E69-A935-1A419582322A}.Release|Any CPU.ActiveCfg = Release|Any CPU
		{6C665A52-538F-4E69-A935-1A419582322A}.Release|Any CPU.Build.0 = Release|Any CPU
	EndGlobalSection
	GlobalSection(SolutionProperties) = preSolution
		HideSolutionNode = FALSE
	EndGlobalSection
	GlobalSection(ExtensibilityGlobals) = postSolution
		SolutionGuid = {B5FB9B96-B375-4E6E-A7BE-AA1441901AED}
	EndGlobalSection
EndGlobal
