
Microsoft Visual Studio Solution File, Format Version 12.00
# Visual Studio Version 16
VisualStudioVersion = 16.0.29009.5
MinimumVisualStudioVersion = 10.0.40219.1
Project("{FAE04EC0-301F-11D3-BF4B-00C04F79EFBC}") = "IteratorsAndComparatorsExercises", "IteratorsAndComparatorsExercises\IteratorsAndComparatorsExercises.csproj", "{C2DE1DE6-1AD5-492B-8A31-FC98721CE776}"
EndProject
Global
	GlobalSection(SolutionConfigurationPlatforms) = preSolution
		Debug|Any CPU = Debug|Any CPU
		Release|Any CPU = Release|Any CPU
	EndGlobalSection
	GlobalSection(ProjectConfigurationPlatforms) = postSolution
		{C2DE1DE6-1AD5-492B-8A31-FC98721CE776}.Debug|Any CPU.ActiveCfg = Debug|Any CPU
		{C2DE1DE6-1AD5-492B-8A31-FC98721CE776}.Debug|Any CPU.Build.0 = Debug|Any CPU
		{C2DE1DE6-1AD5-492B-8A31-FC98721CE776}.Release|Any CPU.ActiveCfg = Release|Any CPU
		{C2DE1DE6-1AD5-492B-8A31-FC98721CE776}.Release|Any CPU.Build.0 = Release|Any CPU
	EndGlobalSection
	GlobalSection(SolutionProperties) = preSolution
		HideSolutionNode = FALSE
	EndGlobalSection
	GlobalSection(ExtensibilityGlobals) = postSolution
		SolutionGuid = {37C97C94-22D7-40F7-A320-7C1F7CBC303B}
	EndGlobalSection
EndGlobal
