
Microsoft Visual Studio Solution File, Format Version 12.00
# Visual Studio Version 16
VisualStudioVersion = 16.0.28922.388
MinimumVisualStudioVersion = 10.0.40219.1
Project("{FAE04EC0-301F-11D3-BF4B-00C04F79EFBC}") = "PokemonTrainer", "PokemonTrainer\PokemonTrainer.csproj", "{96782C42-D242-4280-B3B2-93F243B81BDC}"
EndProject
Global
	GlobalSection(SolutionConfigurationPlatforms) = preSolution
		Debug|Any CPU = Debug|Any CPU
		Release|Any CPU = Release|Any CPU
	EndGlobalSection
	GlobalSection(ProjectConfigurationPlatforms) = postSolution
		{96782C42-D242-4280-B3B2-93F243B81BDC}.Debug|Any CPU.ActiveCfg = Debug|Any CPU
		{96782C42-D242-4280-B3B2-93F243B81BDC}.Debug|Any CPU.Build.0 = Debug|Any CPU
		{96782C42-D242-4280-B3B2-93F243B81BDC}.Release|Any CPU.ActiveCfg = Release|Any CPU
		{96782C42-D242-4280-B3B2-93F243B81BDC}.Release|Any CPU.Build.0 = Release|Any CPU
	EndGlobalSection
	GlobalSection(SolutionProperties) = preSolution
		HideSolutionNode = FALSE
	EndGlobalSection
	GlobalSection(ExtensibilityGlobals) = postSolution
		SolutionGuid = {F1599070-E303-4270-8969-5F4DEC746B38}
	EndGlobalSection
EndGlobal
