
Microsoft Visual Studio Solution File, Format Version 12.00
# Visual Studio Version 16
VisualStudioVersion = 16.0.28922.388
MinimumVisualStudioVersion = 10.0.40219.1
Project("{FAE04EC0-301F-11D3-BF4B-00C04F79EFBC}") = "GenericScale", "GenericScale\GenericScale.csproj", "{6363709F-B480-4330-B3F7-509047B53988}"
EndProject
Global
	GlobalSection(SolutionConfigurationPlatforms) = preSolution
		Debug|Any CPU = Debug|Any CPU
		Release|Any CPU = Release|Any CPU
	EndGlobalSection
	GlobalSection(ProjectConfigurationPlatforms) = postSolution
		{6363709F-B480-4330-B3F7-509047B53988}.Debug|Any CPU.ActiveCfg = Debug|Any CPU
		{6363709F-B480-4330-B3F7-509047B53988}.Debug|Any CPU.Build.0 = Debug|Any CPU
		{6363709F-B480-4330-B3F7-509047B53988}.Release|Any CPU.ActiveCfg = Release|Any CPU
		{6363709F-B480-4330-B3F7-509047B53988}.Release|Any CPU.Build.0 = Release|Any CPU
	EndGlobalSection
	GlobalSection(SolutionProperties) = preSolution
		HideSolutionNode = FALSE
	EndGlobalSection
	GlobalSection(ExtensibilityGlobals) = postSolution
		SolutionGuid = {2F149F4F-9FA2-4192-A025-533CCCA6396F}
	EndGlobalSection
EndGlobal
