
Microsoft Visual Studio Solution File, Format Version 12.00
# Visual Studio Version 16
VisualStudioVersion = 16.0.29009.5
MinimumVisualStudioVersion = 10.0.40219.1
Project("{FAE04EC0-301F-11D3-BF4B-00C04F79EFBC}") = "IteratorsAndComparatorsExercises", "IteratorsAndComparatorsExercises\IteratorsAndComparatorsExercises.csproj", "{3841CB1B-EF03-4651-B500-A7BE1FCCC30C}"
EndProject
Global
	GlobalSection(SolutionConfigurationPlatforms) = preSolution
		Debug|Any CPU = Debug|Any CPU
		Release|Any CPU = Release|Any CPU
	EndGlobalSection
	GlobalSection(ProjectConfigurationPlatforms) = postSolution
		{3841CB1B-EF03-4651-B500-A7BE1FCCC30C}.Debug|Any CPU.ActiveCfg = Debug|Any CPU
		{3841CB1B-EF03-4651-B500-A7BE1FCCC30C}.Debug|Any CPU.Build.0 = Debug|Any CPU
		{3841CB1B-EF03-4651-B500-A7BE1FCCC30C}.Release|Any CPU.ActiveCfg = Release|Any CPU
		{3841CB1B-EF03-4651-B500-A7BE1FCCC30C}.Release|Any CPU.Build.0 = Release|Any CPU
	EndGlobalSection
	GlobalSection(SolutionProperties) = preSolution
		HideSolutionNode = FALSE
	EndGlobalSection
	GlobalSection(ExtensibilityGlobals) = postSolution
		SolutionGuid = {9882D98B-2C6B-4121-9C75-8A086AD0DE89}
	EndGlobalSection
EndGlobal
