
Microsoft Visual Studio Solution File, Format Version 12.00
# Visual Studio Version 16
VisualStudioVersion = 16.0.29009.5
MinimumVisualStudioVersion = 10.0.40219.1
Project("{FAE04EC0-301F-11D3-BF4B-00C04F79EFBC}") = "ExamPreparation200619", "ExamPreparation200619\ExamPreparation200619.csproj", "{4EBB6321-5766-4C92-A1EF-359D1997A5D0}"
EndProject
Global
	GlobalSection(SolutionConfigurationPlatforms) = preSolution
		Debug|Any CPU = Debug|Any CPU
		Release|Any CPU = Release|Any CPU
	EndGlobalSection
	GlobalSection(ProjectConfigurationPlatforms) = postSolution
		{4EBB6321-5766-4C92-A1EF-359D1997A5D0}.Debug|Any CPU.ActiveCfg = Debug|Any CPU
		{4EBB6321-5766-4C92-A1EF-359D1997A5D0}.Debug|Any CPU.Build.0 = Debug|Any CPU
		{4EBB6321-5766-4C92-A1EF-359D1997A5D0}.Release|Any CPU.ActiveCfg = Release|Any CPU
		{4EBB6321-5766-4C92-A1EF-359D1997A5D0}.Release|Any CPU.Build.0 = Release|Any CPU
	EndGlobalSection
	GlobalSection(SolutionProperties) = preSolution
		HideSolutionNode = FALSE
	EndGlobalSection
	GlobalSection(ExtensibilityGlobals) = postSolution
		SolutionGuid = {904F0607-BF0C-4647-A7DE-43A684BF8359}
	EndGlobalSection
EndGlobal
