
Microsoft Visual Studio Solution File, Format Version 12.00
# Visual Studio Version 16
VisualStudioVersion = 16.0.29009.5
MinimumVisualStudioVersion = 10.0.40219.1
Project("{FAE04EC0-301F-11D3-BF4B-00C04F79EFBC}") = "03. ThirdTask", "03. ThirdTask\03. ThirdTask.csproj", "{3543EA1B-BFD1-40BB-AD5E-C3B174541686}"
EndProject
Global
	GlobalSection(SolutionConfigurationPlatforms) = preSolution
		Debug|Any CPU = Debug|Any CPU
		Release|Any CPU = Release|Any CPU
	EndGlobalSection
	GlobalSection(ProjectConfigurationPlatforms) = postSolution
		{3543EA1B-BFD1-40BB-AD5E-C3B174541686}.Debug|Any CPU.ActiveCfg = Debug|Any CPU
		{3543EA1B-BFD1-40BB-AD5E-C3B174541686}.Debug|Any CPU.Build.0 = Debug|Any CPU
		{3543EA1B-BFD1-40BB-AD5E-C3B174541686}.Release|Any CPU.ActiveCfg = Release|Any CPU
		{3543EA1B-BFD1-40BB-AD5E-C3B174541686}.Release|Any CPU.Build.0 = Release|Any CPU
	EndGlobalSection
	GlobalSection(SolutionProperties) = preSolution
		HideSolutionNode = FALSE
	EndGlobalSection
	GlobalSection(ExtensibilityGlobals) = postSolution
		SolutionGuid = {7B22B3D2-18C6-483A-B5D5-EE79A96239D9}
	EndGlobalSection
EndGlobal
