
Microsoft Visual Studio Solution File, Format Version 12.00
# Visual Studio Version 16
VisualStudioVersion = 16.0.29009.5
MinimumVisualStudioVersion = 10.0.40219.1
Project("{FAE04EC0-301F-11D3-BF4B-00C04F79EFBC}") = "IteratorsAndComparatorsExercises", "IteratorsAndComparatorsExercises\IteratorsAndComparatorsExercises.csproj", "{939C6B63-D35E-47BB-81A6-746EEE8EF1D4}"
EndProject
Global
	GlobalSection(SolutionConfigurationPlatforms) = preSolution
		Debug|Any CPU = Debug|Any CPU
		Release|Any CPU = Release|Any CPU
	EndGlobalSection
	GlobalSection(ProjectConfigurationPlatforms) = postSolution
		{939C6B63-D35E-47BB-81A6-746EEE8EF1D4}.Debug|Any CPU.ActiveCfg = Debug|Any CPU
		{939C6B63-D35E-47BB-81A6-746EEE8EF1D4}.Debug|Any CPU.Build.0 = Debug|Any CPU
		{939C6B63-D35E-47BB-81A6-746EEE8EF1D4}.Release|Any CPU.ActiveCfg = Release|Any CPU
		{939C6B63-D35E-47BB-81A6-746EEE8EF1D4}.Release|Any CPU.Build.0 = Release|Any CPU
	EndGlobalSection
	GlobalSection(SolutionProperties) = preSolution
		HideSolutionNode = FALSE
	EndGlobalSection
	GlobalSection(ExtensibilityGlobals) = postSolution
		SolutionGuid = {79BB457D-0F60-475D-ACB2-FB23924ADC84}
	EndGlobalSection
EndGlobal
